PODS:
  - Keys (1.0.1)
  - SwiftKeychainWrapper (4.0.1)

DEPENDENCIES:
  - Keys (from `Pods/CocoaPodsKeys`)
  - SwiftKeychainWrapper

SPEC REPOS:
  trunk:
    - SwiftKeychainWrapper

EXTERNAL SOURCES:
  Keys:
    :path: Pods/CocoaPodsKeys

SPEC CHECKSUMS:
  Keys: a576f4c9c1c641ca913a959a9c62ed3f215a8de9
  SwiftKeychainWrapper: 807ba1d63c33a7d0613288512399cd1eda1e470c

PODFILE CHECKSUM: 52f119dc264a494c82e3960ba01d447a5c3405cc

COCOAPODS: 1.9.3
