// !$*UTF8*$!
{
	archiveVersion = 1;
	classes = {
	};
	objectVersion = 51;
	objects = {

/* Begin PBXBuildFile section */
		019235289F5FEB990E9CF0DB /* libPods-FullLibrary.a in Frameworks */ = {isa = PBXBuildFile; fileRef = DD01A353552B5F89D2167400 /* libPods-FullLibrary.a */; };
		CE2C0CF623983AFD00CADB4A /* BookTableViewCell.swift in Sources */ = {isa = PBXBuildFile; fileRef = CE2C0CF523983AFD00CADB4A /* BookTableViewCell.swift */; };
		CE2C0CFA23983C6B00CADB4A /* BookDetailViewController.swift in Sources */ = {isa = PBXBuildFile; fileRef = CE2C0CF923983C6B00CADB4A /* BookDetailViewController.swift */; };
		CE2C0CFC2398BFBF00CADB4A /* FullBooksViewModel.swift in Sources */ = {isa = PBXBuildFile; fileRef = CE2C0CFB2398BFBF00CADB4A /* FullBooksViewModel.swift */; };
		CE2E9E17239A276800CF0716 /* ViewControllerExtension.swift in Sources */ = {isa = PBXBuildFile; fileRef = CE2E9E16239A276800CF0716 /* ViewControllerExtension.swift */; };
		CE2E9E1C239A32D200CF0716 /* CRUDError.swift in Sources */ = {isa = PBXBuildFile; fileRef = CE2E9E1B239A32D200CF0716 /* CRUDError.swift */; };
		CE2E9E21239B74F000CF0716 /* Constants.swift in Sources */ = {isa = PBXBuildFile; fileRef = CE2E9E20239B74F000CF0716 /* Constants.swift */; };
		CE2E9E26239B835E00CF0716 /* NavigationControllerExtension.swift in Sources */ = {isa = PBXBuildFile; fileRef = CE2E9E25239B835E00CF0716 /* NavigationControllerExtension.swift */; };
		CE2FF34F23AB5C4E00892E08 /* LoginIn+GoogleSignIn.swift in Sources */ = {isa = PBXBuildFile; fileRef = CE2FF34E23AB5C4E00892E08 /* LoginIn+GoogleSignIn.swift */; };
		CE3454D623ABE23B004C4CF8 /* BookCollectionViewController.swift in Sources */ = {isa = PBXBuildFile; fileRef = CE3454D523ABE23B004C4CF8 /* BookCollectionViewController.swift */; };
		CE3454D823ABE2AC004C4CF8 /* BookCollectionViewCell.swift in Sources */ = {isa = PBXBuildFile; fileRef = CE3454D723ABE2AC004C4CF8 /* BookCollectionViewCell.swift */; };
		CE3454DA23AC612C004C4CF8 /* BookCollectionView+CollectionDelegate.swift in Sources */ = {isa = PBXBuildFile; fileRef = CE3454D923AC612C004C4CF8 /* BookCollectionView+CollectionDelegate.swift */; };
		CE3E9B5D23A53AD000DEE83C /* TableExtension.swift in Sources */ = {isa = PBXBuildFile; fileRef = CE3E9B5C23A53AD000DEE83C /* TableExtension.swift */; };
		CE3E9B6123A74A6700DEE83C /* BookList+TableViewDelegate.swift in Sources */ = {isa = PBXBuildFile; fileRef = CE3E9B6023A74A6600DEE83C /* BookList+TableViewDelegate.swift */; };
		CE3E9B6323A7630300DEE83C /* BookList+SearchBarDelegate.swift in Sources */ = {isa = PBXBuildFile; fileRef = CE3E9B6223A7630300DEE83C /* BookList+SearchBarDelegate.swift */; };
		CE409D7523957586001B5149 /* Main.storyboard in Resources */ = {isa = PBXBuildFile; fileRef = CE409D7323957586001B5149 /* Main.storyboard */; };
		CE409D7623957586001B5149 /* LaunchScreen.storyboard in Resources */ = {isa = PBXBuildFile; fileRef = CE409D7423957586001B5149 /* LaunchScreen.storyboard */; };
		CE409D8123957C04001B5149 /* RootNavigationController.swift in Sources */ = {isa = PBXBuildFile; fileRef = CE409D8023957C04001B5149 /* RootNavigationController.swift */; };
		CE409D85239581DD001B5149 /* LoginViewController.swift in Sources */ = {isa = PBXBuildFile; fileRef = CE409D84239581DD001B5149 /* LoginViewController.swift */; };
		CE409D89239591EB001B5149 /* StringExtension.swift in Sources */ = {isa = PBXBuildFile; fileRef = CE409D88239591EB001B5149 /* StringExtension.swift */; };
		CE48F8B92397C54200606F48 /* BooksListViewController.swift in Sources */ = {isa = PBXBuildFile; fileRef = CE48F8B82397C54200606F48 /* BooksListViewController.swift */; };
		CE8A256C23AE24C10051A15D /* GoodReadsBooksViewModel.swift in Sources */ = {isa = PBXBuildFile; fileRef = CE8A256B23AE24C10051A15D /* GoodReadsBooksViewModel.swift */; };
		CE8A256E23AE2BC10051A15D /* BookList+GoodReadsDelegate.swift in Sources */ = {isa = PBXBuildFile; fileRef = CE8A256D23AE2BC10051A15D /* BookList+GoodReadsDelegate.swift */; };
		CE953026239975D500D9B5D6 /* BookList+FullLibraryDelegate.swift in Sources */ = {isa = PBXBuildFile; fileRef = CE953025239975D500D9B5D6 /* BookList+FullLibraryDelegate.swift */; };
		CE9D660C239F51F3007AA2DE /* FloatingWindow.swift in Sources */ = {isa = PBXBuildFile; fileRef = CE9D660B239F51F3007AA2DE /* FloatingWindow.swift */; };
		CE9D660E239F5436007AA2DE /* FloatingButtonController.swift in Sources */ = {isa = PBXBuildFile; fileRef = CE9D660D239F5435007AA2DE /* FloatingButtonController.swift */; };
		CEAC382B239E608800BC8394 /* RootViewController.swift in Sources */ = {isa = PBXBuildFile; fileRef = CEAC382A239E608800BC8394 /* RootViewController.swift */; };
		CEBC9633239646A400210A1F /* Constants+SignIn.swift in Sources */ = {isa = PBXBuildFile; fileRef = CEBC9632239646A400210A1F /* Constants+SignIn.swift */; };
		CEBC963623964A6200210A1F /* NetworkExtension.swift in Sources */ = {isa = PBXBuildFile; fileRef = CEBC963523964A6200210A1F /* NetworkExtension.swift */; };
		CEC2918123AE76FE00F7F7CC /* BookCollectionView+FullLibraryDelegate.swift in Sources */ = {isa = PBXBuildFile; fileRef = CEC2918023AE76FE00F7F7CC /* BookCollectionView+FullLibraryDelegate.swift */; };
		CEC2918523AF562600F7F7CC /* UserProfileTableViewController.swift in Sources */ = {isa = PBXBuildFile; fileRef = CEC2918423AF562600F7F7CC /* UserProfileTableViewController.swift */; };
		CEC2918823AFEB9B00F7F7CC /* ContactsViewModel.swift in Sources */ = {isa = PBXBuildFile; fileRef = CEC2918723AFEB9B00F7F7CC /* ContactsViewModel.swift */; };
		CEC8EA302397D6F6006840AF /* CoreDataManager.swift in Sources */ = {isa = PBXBuildFile; fileRef = CEC8EA2F2397D6F6006840AF /* CoreDataManager.swift */; };
		CED93C8A23A0F33B00877E4E /* XMLResponseParser.swift in Sources */ = {isa = PBXBuildFile; fileRef = CED93C8923A0F33B00877E4E /* XMLResponseParser.swift */; };
		CEE93D7123B1DA7300A4C0F0 /* StarRating.swift in Sources */ = {isa = PBXBuildFile; fileRef = CEE93D7023B1DA7300A4C0F0 /* StarRating.swift */; };
		CEE93D7323B2146900A4C0F0 /* FavoriteViewModel.swift in Sources */ = {isa = PBXBuildFile; fileRef = CEE93D7223B2146900A4C0F0 /* FavoriteViewModel.swift */; };
		CEEEBEA4239540FF006659F8 /* AppDelegate.swift in Sources */ = {isa = PBXBuildFile; fileRef = CEEEBEA3239540FF006659F8 /* AppDelegate.swift */; };
		CEEEBEAE239540FF006659F8 /* FullBooks.xcdatamodeld in Sources */ = {isa = PBXBuildFile; fileRef = CEEEBEAC239540FF006659F8 /* FullBooks.xcdatamodeld */; };
		CEEEBEB023954105006659F8 /* Assets.xcassets in Resources */ = {isa = PBXBuildFile; fileRef = CEEEBEAF23954105006659F8 /* Assets.xcassets */; };
		CEF4667023B0DF310057DD01 /* CollectionViewExtension.swift in Sources */ = {isa = PBXBuildFile; fileRef = CEF4666F23B0DF310057DD01 /* CollectionViewExtension.swift */; };
		CEFB9A7A239FA80900CF5649 /* NetworkManager.swift in Sources */ = {isa = PBXBuildFile; fileRef = CEFB9A79239FA80900CF5649 /* NetworkManager.swift */; };
		CEFB9A7C239FA82000CF5649 /* NetworkContants.swift in Sources */ = {isa = PBXBuildFile; fileRef = CEFB9A7B239FA82000CF5649 /* NetworkContants.swift */; };
/* End PBXBuildFile section */

/* Begin PBXFileReference section */
		2E5CA457484983ACC82F3CD6 /* Pods-FullLibrary.release.xcconfig */ = {isa = PBXFileReference; includeInIndex = 1; lastKnownFileType = text.xcconfig; name = "Pods-FullLibrary.release.xcconfig"; path = "Target Support Files/Pods-FullLibrary/Pods-FullLibrary.release.xcconfig"; sourceTree = "<group>"; };
		385CAD090637FEDA6F1308DB /* Pods-FullLibrary.debug.xcconfig */ = {isa = PBXFileReference; includeInIndex = 1; lastKnownFileType = text.xcconfig; name = "Pods-FullLibrary.debug.xcconfig"; path = "Target Support Files/Pods-FullLibrary/Pods-FullLibrary.debug.xcconfig"; sourceTree = "<group>"; };
		CE2C0CF523983AFD00CADB4A /* BookTableViewCell.swift */ = {isa = PBXFileReference; lastKnownFileType = sourcecode.swift; path = BookTableViewCell.swift; sourceTree = "<group>"; };
		CE2C0CF923983C6B00CADB4A /* BookDetailViewController.swift */ = {isa = PBXFileReference; lastKnownFileType = sourcecode.swift; path = BookDetailViewController.swift; sourceTree = "<group>"; };
		CE2C0CFB2398BFBF00CADB4A /* FullBooksViewModel.swift */ = {isa = PBXFileReference; lastKnownFileType = sourcecode.swift; path = FullBooksViewModel.swift; sourceTree = "<group>"; };
		CE2E9E16239A276800CF0716 /* ViewControllerExtension.swift */ = {isa = PBXFileReference; lastKnownFileType = sourcecode.swift; path = ViewControllerExtension.swift; sourceTree = "<group>"; };
		CE2E9E1B239A32D200CF0716 /* CRUDError.swift */ = {isa = PBXFileReference; lastKnownFileType = sourcecode.swift; path = CRUDError.swift; sourceTree = "<group>"; };
		CE2E9E20239B74F000CF0716 /* Constants.swift */ = {isa = PBXFileReference; lastKnownFileType = sourcecode.swift; path = Constants.swift; sourceTree = "<group>"; };
		CE2E9E25239B835E00CF0716 /* NavigationControllerExtension.swift */ = {isa = PBXFileReference; lastKnownFileType = sourcecode.swift; path = NavigationControllerExtension.swift; sourceTree = "<group>"; };
		CE2FF34E23AB5C4E00892E08 /* LoginIn+GoogleSignIn.swift */ = {isa = PBXFileReference; lastKnownFileType = sourcecode.swift; path = "LoginIn+GoogleSignIn.swift"; sourceTree = "<group>"; };
		CE3454D523ABE23B004C4CF8 /* BookCollectionViewController.swift */ = {isa = PBXFileReference; lastKnownFileType = sourcecode.swift; path = BookCollectionViewController.swift; sourceTree = "<group>"; };
		CE3454D723ABE2AC004C4CF8 /* BookCollectionViewCell.swift */ = {isa = PBXFileReference; lastKnownFileType = sourcecode.swift; path = BookCollectionViewCell.swift; sourceTree = "<group>"; };
		CE3454D923AC612C004C4CF8 /* BookCollectionView+CollectionDelegate.swift */ = {isa = PBXFileReference; lastKnownFileType = sourcecode.swift; path = "BookCollectionView+CollectionDelegate.swift"; sourceTree = "<group>"; };
		CE3E9B5C23A53AD000DEE83C /* TableExtension.swift */ = {isa = PBXFileReference; lastKnownFileType = sourcecode.swift; path = TableExtension.swift; sourceTree = "<group>"; };
		CE3E9B6023A74A6600DEE83C /* BookList+TableViewDelegate.swift */ = {isa = PBXFileReference; lastKnownFileType = sourcecode.swift; path = "BookList+TableViewDelegate.swift"; sourceTree = "<group>"; };
		CE3E9B6223A7630300DEE83C /* BookList+SearchBarDelegate.swift */ = {isa = PBXFileReference; lastKnownFileType = sourcecode.swift; path = "BookList+SearchBarDelegate.swift"; sourceTree = "<group>"; };
		CE409D7323957586001B5149 /* Main.storyboard */ = {isa = PBXFileReference; fileEncoding = 4; lastKnownFileType = file.storyboard; path = Main.storyboard; sourceTree = "<group>"; };
		CE409D7423957586001B5149 /* LaunchScreen.storyboard */ = {isa = PBXFileReference; fileEncoding = 4; lastKnownFileType = file.storyboard; path = LaunchScreen.storyboard; sourceTree = "<group>"; };
		CE409D8023957C04001B5149 /* RootNavigationController.swift */ = {isa = PBXFileReference; lastKnownFileType = sourcecode.swift; path = RootNavigationController.swift; sourceTree = "<group>"; };
		CE409D84239581DD001B5149 /* LoginViewController.swift */ = {isa = PBXFileReference; lastKnownFileType = sourcecode.swift; path = LoginViewController.swift; sourceTree = "<group>"; };
		CE409D88239591EB001B5149 /* StringExtension.swift */ = {isa = PBXFileReference; lastKnownFileType = sourcecode.swift; path = StringExtension.swift; sourceTree = "<group>"; };
		CE48F8B82397C54200606F48 /* BooksListViewController.swift */ = {isa = PBXFileReference; lastKnownFileType = sourcecode.swift; path = BooksListViewController.swift; sourceTree = "<group>"; };
		CE8A256B23AE24C10051A15D /* GoodReadsBooksViewModel.swift */ = {isa = PBXFileReference; lastKnownFileType = sourcecode.swift; path = GoodReadsBooksViewModel.swift; sourceTree = "<group>"; };
		CE8A256D23AE2BC10051A15D /* BookList+GoodReadsDelegate.swift */ = {isa = PBXFileReference; lastKnownFileType = sourcecode.swift; path = "BookList+GoodReadsDelegate.swift"; sourceTree = "<group>"; };
		CE953025239975D500D9B5D6 /* BookList+FullLibraryDelegate.swift */ = {isa = PBXFileReference; lastKnownFileType = sourcecode.swift; path = "BookList+FullLibraryDelegate.swift"; sourceTree = "<group>"; };
		CE9D660B239F51F3007AA2DE /* FloatingWindow.swift */ = {isa = PBXFileReference; lastKnownFileType = sourcecode.swift; path = FloatingWindow.swift; sourceTree = "<group>"; };
		CE9D660D239F5435007AA2DE /* FloatingButtonController.swift */ = {isa = PBXFileReference; lastKnownFileType = sourcecode.swift; path = FloatingButtonController.swift; sourceTree = "<group>"; };
		CEAC382A239E608800BC8394 /* RootViewController.swift */ = {isa = PBXFileReference; lastKnownFileType = sourcecode.swift; path = RootViewController.swift; sourceTree = "<group>"; };
		CEBC9632239646A400210A1F /* Constants+SignIn.swift */ = {isa = PBXFileReference; lastKnownFileType = sourcecode.swift; path = "Constants+SignIn.swift"; sourceTree = "<group>"; };
		CEBC963523964A6200210A1F /* NetworkExtension.swift */ = {isa = PBXFileReference; lastKnownFileType = sourcecode.swift; path = NetworkExtension.swift; sourceTree = "<group>"; };
		CEC2918023AE76FE00F7F7CC /* BookCollectionView+FullLibraryDelegate.swift */ = {isa = PBXFileReference; lastKnownFileType = sourcecode.swift; path = "BookCollectionView+FullLibraryDelegate.swift"; sourceTree = "<group>"; };
		CEC2918423AF562600F7F7CC /* UserProfileTableViewController.swift */ = {isa = PBXFileReference; lastKnownFileType = sourcecode.swift; path = UserProfileTableViewController.swift; sourceTree = "<group>"; };
		CEC2918623AFD82D00F7F7CC /* FullBooks.entitlements */ = {isa = PBXFileReference; lastKnownFileType = text.plist.entitlements; path = FullBooks.entitlements; sourceTree = "<group>"; };
		CEC2918723AFEB9B00F7F7CC /* ContactsViewModel.swift */ = {isa = PBXFileReference; lastKnownFileType = sourcecode.swift; path = ContactsViewModel.swift; sourceTree = "<group>"; };
		CEC8EA2F2397D6F6006840AF /* CoreDataManager.swift */ = {isa = PBXFileReference; lastKnownFileType = sourcecode.swift; path = CoreDataManager.swift; sourceTree = "<group>"; };
		CED93C8923A0F33B00877E4E /* XMLResponseParser.swift */ = {isa = PBXFileReference; lastKnownFileType = sourcecode.swift; path = XMLResponseParser.swift; sourceTree = "<group>"; };
		CEE93D7023B1DA7300A4C0F0 /* StarRating.swift */ = {isa = PBXFileReference; lastKnownFileType = sourcecode.swift; path = StarRating.swift; sourceTree = "<group>"; };
		CEE93D7223B2146900A4C0F0 /* FavoriteViewModel.swift */ = {isa = PBXFileReference; lastKnownFileType = sourcecode.swift; path = FavoriteViewModel.swift; sourceTree = "<group>"; };
		CEEEBEA0239540FF006659F8 /* FullBooks.app */ = {isa = PBXFileReference; explicitFileType = wrapper.application; includeInIndex = 0; path = FullBooks.app; sourceTree = BUILT_PRODUCTS_DIR; };
		CEEEBEA3239540FF006659F8 /* AppDelegate.swift */ = {isa = PBXFileReference; lastKnownFileType = sourcecode.swift; name = AppDelegate.swift; path = ../AppDelegate.swift; sourceTree = "<group>"; };
		CEEEBEAD239540FF006659F8 /* FullLibrary.xcdatamodel */ = {isa = PBXFileReference; lastKnownFileType = wrapper.xcdatamodel; path = FullLibrary.xcdatamodel; sourceTree = "<group>"; };
		CEEEBEAF23954105006659F8 /* Assets.xcassets */ = {isa = PBXFileReference; lastKnownFileType = folder.assetcatalog; path = Assets.xcassets; sourceTree = "<group>"; };
		CEEEBEB423954105006659F8 /* Info.plist */ = {isa = PBXFileReference; lastKnownFileType = text.plist.xml; path = Info.plist; sourceTree = "<group>"; };
		CEF4666F23B0DF310057DD01 /* CollectionViewExtension.swift */ = {isa = PBXFileReference; lastKnownFileType = sourcecode.swift; path = CollectionViewExtension.swift; sourceTree = "<group>"; };
		CEFB9A79239FA80900CF5649 /* NetworkManager.swift */ = {isa = PBXFileReference; lastKnownFileType = sourcecode.swift; path = NetworkManager.swift; sourceTree = "<group>"; };
		CEFB9A7B239FA82000CF5649 /* NetworkContants.swift */ = {isa = PBXFileReference; lastKnownFileType = sourcecode.swift; path = NetworkContants.swift; sourceTree = "<group>"; };
		DD01A353552B5F89D2167400 /* libPods-FullLibrary.a */ = {isa = PBXFileReference; explicitFileType = archive.ar; includeInIndex = 0; path = "libPods-FullLibrary.a"; sourceTree = BUILT_PRODUCTS_DIR; };
/* End PBXFileReference section */

/* Begin PBXFrameworksBuildPhase section */
		CEEEBE9D239540FF006659F8 /* Frameworks */ = {
			isa = PBXFrameworksBuildPhase;
			buildActionMask = 2147483647;
			files = (
				019235289F5FEB990E9CF0DB /* libPods-FullLibrary.a in Frameworks */,
			);
			runOnlyForDeploymentPostprocessing = 0;
		};
/* End PBXFrameworksBuildPhase section */

/* Begin PBXGroup section */
		0AE9AEAB3B9D073F6099B7EF /* Pods */ = {
			isa = PBXGroup;
			children = (
				385CAD090637FEDA6F1308DB /* Pods-FullLibrary.debug.xcconfig */,
				2E5CA457484983ACC82F3CD6 /* Pods-FullLibrary.release.xcconfig */,
			);
			path = Pods;
			sourceTree = "<group>";
		};
		92145257151B1CAC5B7AAC8E /* Frameworks */ = {
			isa = PBXGroup;
			children = (
				DD01A353552B5F89D2167400 /* libPods-FullLibrary.a */,
			);
			name = Frameworks;
			sourceTree = "<group>";
		};
		CE2C0CF2239835A900CADB4A /* Book */ = {
			isa = PBXGroup;
			children = (
				CE3454D423ABE209004C4CF8 /* BookCollection */,
				CECCF4172397BC2A001201A3 /* BooksList */,
				CE2C0CF823983C3C00CADB4A /* BookDetail */,
			);
			path = Book;
			sourceTree = "<group>";
		};
		CE2C0CF823983C3C00CADB4A /* BookDetail */ = {
			isa = PBXGroup;
			children = (
				CE2C0CF923983C6B00CADB4A /* BookDetailViewController.swift */,
			);
			path = BookDetail;
			sourceTree = "<group>";
		};
		CE3454D423ABE209004C4CF8 /* BookCollection */ = {
			isa = PBXGroup;
			children = (
				CE3454D523ABE23B004C4CF8 /* BookCollectionViewController.swift */,
				CE3454D723ABE2AC004C4CF8 /* BookCollectionViewCell.swift */,
				CE3454D923AC612C004C4CF8 /* BookCollectionView+CollectionDelegate.swift */,
				CEC2918023AE76FE00F7F7CC /* BookCollectionView+FullLibraryDelegate.swift */,
			);
			path = BookCollection;
			sourceTree = "<group>";
		};
		CE409D8A239624C3001B5149 /* Main */ = {
			isa = PBXGroup;
			children = (
				CEEEBEB423954105006659F8 /* Info.plist */,
				CEEEBEA3239540FF006659F8 /* AppDelegate.swift */,
				CEEEBEAF23954105006659F8 /* Assets.xcassets */,
				CE409D7323957586001B5149 /* Main.storyboard */,
				CE409D7423957586001B5149 /* LaunchScreen.storyboard */,
				CE2E9E20239B74F000CF0716 /* Constants.swift */,
			);
			path = Main;
			sourceTree = "<group>";
		};
		CE409D8B239624EB001B5149 /* SignIn */ = {
			isa = PBXGroup;
			children = (
				CE409D84239581DD001B5149 /* LoginViewController.swift */,
				CE2FF34E23AB5C4E00892E08 /* LoginIn+GoogleSignIn.swift */,
				CEBC9632239646A400210A1F /* Constants+SignIn.swift */,
			);
			path = SignIn;
			sourceTree = "<group>";
		};
		CE9D660A239F51CD007AA2DE /* FloatingButton */ = {
			isa = PBXGroup;
			children = (
				CE9D660B239F51F3007AA2DE /* FloatingWindow.swift */,
				CE9D660D239F5435007AA2DE /* FloatingButtonController.swift */,
			);
			path = FloatingButton;
			sourceTree = "<group>";
		};
		CEBC963423964A4900210A1F /* Extension */ = {
			isa = PBXGroup;
			children = (
				CEBC963523964A6200210A1F /* NetworkExtension.swift */,
				CE2E9E16239A276800CF0716 /* ViewControllerExtension.swift */,
				CE2E9E25239B835E00CF0716 /* NavigationControllerExtension.swift */,
				CE409D88239591EB001B5149 /* StringExtension.swift */,
				CE3E9B5C23A53AD000DEE83C /* TableExtension.swift */,
				CEF4666F23B0DF310057DD01 /* CollectionViewExtension.swift */,
			);
			path = Extension;
			sourceTree = "<group>";
		};
		CEC2918223AF55EF00F7F7CC /* UserProfile */ = {
			isa = PBXGroup;
			children = (
				CEC2918423AF562600F7F7CC /* UserProfileTableViewController.swift */,
			);
			path = UserProfile;
			sourceTree = "<group>";
		};
		CEC8EA2E2397CA95006840AF /* CoreData */ = {
			isa = PBXGroup;
			children = (
				CEEEBEAC239540FF006659F8 /* FullBooks.xcdatamodeld */,
				CEC8EA2F2397D6F6006840AF /* CoreDataManager.swift */,
			);
			path = CoreData;
			sourceTree = "<group>";
		};
		CECCF4172397BC2A001201A3 /* BooksList */ = {
			isa = PBXGroup;
			children = (
				CE48F8B82397C54200606F48 /* BooksListViewController.swift */,
				CE2C0CF523983AFD00CADB4A /* BookTableViewCell.swift */,
				CE3E9B6023A74A6600DEE83C /* BookList+TableViewDelegate.swift */,
				CE3E9B6223A7630300DEE83C /* BookList+SearchBarDelegate.swift */,
				CE953025239975D500D9B5D6 /* BookList+FullLibraryDelegate.swift */,
				CE8A256D23AE2BC10051A15D /* BookList+GoodReadsDelegate.swift */,
				CEE93D7023B1DA7300A4C0F0 /* StarRating.swift */,
			);
			path = BooksList;
			sourceTree = "<group>";
		};
		CECE173223ADA28B0001F9B4 /* Model */ = {
			isa = PBXGroup;
			children = (
				CE2E9E1B239A32D200CF0716 /* CRUDError.swift */,
			);
			path = Model;
			sourceTree = "<group>";
		};
		CECE173323ADA2920001F9B4 /* View */ = {
			isa = PBXGroup;
			children = (
				CEC2918223AF55EF00F7F7CC /* UserProfile */,
				CE2C0CF2239835A900CADB4A /* Book */,
				CE409D8B239624EB001B5149 /* SignIn */,
				CE9D660A239F51CD007AA2DE /* FloatingButton */,
				CEAC382A239E608800BC8394 /* RootViewController.swift */,
				CE409D8023957C04001B5149 /* RootNavigationController.swift */,
			);
			path = View;
			sourceTree = "<group>";
		};
		CECE173423ADA2A10001F9B4 /* ViewModel */ = {
			isa = PBXGroup;
			children = (
				CE2C0CFB2398BFBF00CADB4A /* FullBooksViewModel.swift */,
				CE8A256B23AE24C10051A15D /* GoodReadsBooksViewModel.swift */,
				CEC2918723AFEB9B00F7F7CC /* ContactsViewModel.swift */,
				CEE93D7223B2146900A4C0F0 /* FavoriteViewModel.swift */,
			);
			path = ViewModel;
			sourceTree = "<group>";
		};
		CECE173523ADA2D60001F9B4 /* Common */ = {
			isa = PBXGroup;
			children = (
				CEC8EA2E2397CA95006840AF /* CoreData */,
				CEBC963423964A4900210A1F /* Extension */,
				CEFB9A78239FA7AE00CF5649 /* Network */,
			);
			path = Common;
			sourceTree = "<group>";
		};
		CEEEBE97239540FF006659F8 = {
			isa = PBXGroup;
			children = (
				CEEEBEA2239540FF006659F8 /* FullBooks */,
				CEEEBEA1239540FF006659F8 /* Products */,
				0AE9AEAB3B9D073F6099B7EF /* Pods */,
				92145257151B1CAC5B7AAC8E /* Frameworks */,
			);
			sourceTree = "<group>";
		};
		CEEEBEA1239540FF006659F8 /* Products */ = {
			isa = PBXGroup;
			children = (
				CEEEBEA0239540FF006659F8 /* FullBooks.app */,
			);
			name = Products;
			sourceTree = "<group>";
		};
		CEEEBEA2239540FF006659F8 /* FullBooks */ = {
			isa = PBXGroup;
			children = (
				CEC2918623AFD82D00F7F7CC /* FullBooks.entitlements */,
				CECE173523ADA2D60001F9B4 /* Common */,
				CECE173423ADA2A10001F9B4 /* ViewModel */,
				CECE173323ADA2920001F9B4 /* View */,
				CECE173223ADA28B0001F9B4 /* Model */,
				CE409D8A239624C3001B5149 /* Main */,
			);
			path = FullBooks;
			sourceTree = "<group>";
		};
		CEFB9A78239FA7AE00CF5649 /* Network */ = {
			isa = PBXGroup;
			children = (
				CEFB9A79239FA80900CF5649 /* NetworkManager.swift */,
				CEFB9A7B239FA82000CF5649 /* NetworkContants.swift */,
				CED93C8923A0F33B00877E4E /* XMLResponseParser.swift */,
			);
			path = Network;
			sourceTree = "<group>";
		};
/* End PBXGroup section */

/* Begin PBXNativeTarget section */
		CEEEBE9F239540FF006659F8 /* FullBooks */ = {
			isa = PBXNativeTarget;
			buildConfigurationList = CEEEBEB723954105006659F8 /* Build configuration list for PBXNativeTarget "FullBooks" */;
			buildPhases = (
				D28D59483ABC41B92CFA509F /* [CP] Check Pods Manifest.lock */,
				CEEEBE9C239540FF006659F8 /* Sources */,
				CEEEBE9D239540FF006659F8 /* Frameworks */,
				CEEEBE9E239540FF006659F8 /* Resources */,
				ACFBD345F82E0743C93A5C3E /* [CP] Copy Pods Resources */,
			);
			buildRules = (
			);
			dependencies = (
			);
			name = FullBooks;
			productName = FullLibrary;
			productReference = CEEEBEA0239540FF006659F8 /* FullBooks.app */;
			productType = "com.apple.product-type.application";
		};
/* End PBXNativeTarget section */

/* Begin PBXProject section */
		CEEEBE98239540FF006659F8 /* Project object */ = {
			isa = PBXProject;
			attributes = {
				LastSwiftUpdateCheck = 1120;
				LastUpgradeCheck = 1120;
				ORGANIZATIONNAME = user;
				TargetAttributes = {
					CEEEBE9F239540FF006659F8 = {
						CreatedOnToolsVersion = 11.2.1;
					};
				};
			};
			buildConfigurationList = CEEEBE9B239540FF006659F8 /* Build configuration list for PBXProject "FullBooks" */;
			compatibilityVersion = "Xcode 9.3";
			developmentRegion = en;
			hasScannedForEncodings = 0;
			knownRegions = (
				en,
				Base,
			);
			mainGroup = CEEEBE97239540FF006659F8;
			productRefGroup = CEEEBEA1239540FF006659F8 /* Products */;
			projectDirPath = "";
			projectRoot = "";
			targets = (
				CEEEBE9F239540FF006659F8 /* FullBooks */,
			);
		};
/* End PBXProject section */

/* Begin PBXResourcesBuildPhase section */
		CEEEBE9E239540FF006659F8 /* Resources */ = {
			isa = PBXResourcesBuildPhase;
			buildActionMask = 2147483647;
			files = (
				CE409D7623957586001B5149 /* LaunchScreen.storyboard in Resources */,
				CEEEBEB023954105006659F8 /* Assets.xcassets in Resources */,
				CE409D7523957586001B5149 /* Main.storyboard in Resources */,
			);
			runOnlyForDeploymentPostprocessing = 0;
		};
/* End PBXResourcesBuildPhase section */

/* Begin PBXShellScriptBuildPhase section */
		ACFBD345F82E0743C93A5C3E /* [CP] Copy Pods Resources */ = {
			isa = PBXShellScriptBuildPhase;
			buildActionMask = 2147483647;
			files = (
			);
			inputFileListPaths = (
				"${PODS_ROOT}/Target Support Files/Pods-FullLibrary/Pods-FullLibrary-resources-${CONFIGURATION}-input-files.xcfilelist",
			);
			name = "[CP] Copy Pods Resources";
			outputFileListPaths = (
				"${PODS_ROOT}/Target Support Files/Pods-FullLibrary/Pods-FullLibrary-resources-${CONFIGURATION}-output-files.xcfilelist",
			);
			runOnlyForDeploymentPostprocessing = 0;
			shellPath = /bin/sh;
			shellScript = "\"${PODS_ROOT}/Target Support Files/Pods-FullLibrary/Pods-FullLibrary-resources.sh\"\n";
			showEnvVarsInLog = 0;
		};
		D28D59483ABC41B92CFA509F /* [CP] Check Pods Manifest.lock */ = {
			isa = PBXShellScriptBuildPhase;
			buildActionMask = 2147483647;
			files = (
			);
			inputFileListPaths = (
			);
			inputPaths = (
				"${PODS_PODFILE_DIR_PATH}/Podfile.lock",
				"${PODS_ROOT}/Manifest.lock",
			);
			name = "[CP] Check Pods Manifest.lock";
			outputFileListPaths = (
			);
			outputPaths = (
				"$(DERIVED_FILE_DIR)/Pods-FullLibrary-checkManifestLockResult.txt",
			);
			runOnlyForDeploymentPostprocessing = 0;
			shellPath = /bin/sh;
			shellScript = "diff \"${PODS_PODFILE_DIR_PATH}/Podfile.lock\" \"${PODS_ROOT}/Manifest.lock\" > /dev/null\nif [ $? != 0 ] ; then\n    # print error to STDERR\n    echo \"error: The sandbox is not in sync with the Podfile.lock. Run 'pod install' or update your CocoaPods installation.\" >&2\n    exit 1\nfi\n# This output is used by Xcode 'outputs' to avoid re-running this script phase.\necho \"SUCCESS\" > \"${SCRIPT_OUTPUT_FILE_0}\"\n";
			showEnvVarsInLog = 0;
		};
/* End PBXShellScriptBuildPhase section */

/* Begin PBXSourcesBuildPhase section */
		CEEEBE9C239540FF006659F8 /* Sources */ = {
			isa = PBXSourcesBuildPhase;
			buildActionMask = 2147483647;
			files = (
				CE409D85239581DD001B5149 /* LoginViewController.swift in Sources */,
				CEE93D7323B2146900A4C0F0 /* FavoriteViewModel.swift in Sources */,
				CEEEBEAE239540FF006659F8 /* FullBooks.xcdatamodeld in Sources */,
				CED93C8A23A0F33B00877E4E /* XMLResponseParser.swift in Sources */,
				CE2C0CFA23983C6B00CADB4A /* BookDetailViewController.swift in Sources */,
				CE409D89239591EB001B5149 /* StringExtension.swift in Sources */,
				CE2E9E21239B74F000CF0716 /* Constants.swift in Sources */,
				CEBC963623964A6200210A1F /* NetworkExtension.swift in Sources */,
				CEC8EA302397D6F6006840AF /* CoreDataManager.swift in Sources */,
				CE953026239975D500D9B5D6 /* BookList+FullLibraryDelegate.swift in Sources */,
				CE2FF34F23AB5C4E00892E08 /* LoginIn+GoogleSignIn.swift in Sources */,
				CEEEBEA4239540FF006659F8 /* AppDelegate.swift in Sources */,
				CE2E9E17239A276800CF0716 /* ViewControllerExtension.swift in Sources */,
				CEC2918823AFEB9B00F7F7CC /* ContactsViewModel.swift in Sources */,
				CE9D660E239F5436007AA2DE /* FloatingButtonController.swift in Sources */,
				CE409D8123957C04001B5149 /* RootNavigationController.swift in Sources */,
				CE3E9B6123A74A6700DEE83C /* BookList+TableViewDelegate.swift in Sources */,
				CE3454D823ABE2AC004C4CF8 /* BookCollectionViewCell.swift in Sources */,
				CEFB9A7A239FA80900CF5649 /* NetworkManager.swift in Sources */,
				CEC2918123AE76FE00F7F7CC /* BookCollectionView+FullLibraryDelegate.swift in Sources */,
				CE8A256E23AE2BC10051A15D /* BookList+GoodReadsDelegate.swift in Sources */,
				CE2C0CF623983AFD00CADB4A /* BookTableViewCell.swift in Sources */,
				CE3454D623ABE23B004C4CF8 /* BookCollectionViewController.swift in Sources */,
				CE3E9B6323A7630300DEE83C /* BookList+SearchBarDelegate.swift in Sources */,
				CE2C0CFC2398BFBF00CADB4A /* FullBooksViewModel.swift in Sources */,
				CEE93D7123B1DA7300A4C0F0 /* StarRating.swift in Sources */,
				CE48F8B92397C54200606F48 /* BooksListViewController.swift in Sources */,
				CEAC382B239E608800BC8394 /* RootViewController.swift in Sources */,
				CE9D660C239F51F3007AA2DE /* FloatingWindow.swift in Sources */,
				CE8A256C23AE24C10051A15D /* GoodReadsBooksViewModel.swift in Sources */,
				CEF4667023B0DF310057DD01 /* CollectionViewExtension.swift in Sources */,
				CEFB9A7C239FA82000CF5649 /* NetworkContants.swift in Sources */,
				CEC2918523AF562600F7F7CC /* UserProfileTableViewController.swift in Sources */,
				CE2E9E26239B835E00CF0716 /* NavigationControllerExtension.swift in Sources */,
				CE2E9E1C239A32D200CF0716 /* CRUDError.swift in Sources */,
				CEBC9633239646A400210A1F /* Constants+SignIn.swift in Sources */,
				CE3454DA23AC612C004C4CF8 /* BookCollectionView+CollectionDelegate.swift in Sources */,
				CE3E9B5D23A53AD000DEE83C /* TableExtension.swift in Sources */,
			);
			runOnlyForDeploymentPostprocessing = 0;
		};
/* End PBXSourcesBuildPhase section */

/* Begin XCBuildConfiguration section */
		CEEEBEB523954105006659F8 /* Debug */ = {
			isa = XCBuildConfiguration;
			buildSettings = {
				ALWAYS_SEARCH_USER_PATHS = NO;
				CLANG_ANALYZER_NONNULL = YES;
				CLANG_ANALYZER_NUMBER_OBJECT_CONVERSION = YES_AGGRESSIVE;
				CLANG_CXX_LANGUAGE_STANDARD = "gnu++14";
				CLANG_CXX_LIBRARY = "libc++";
				CLANG_ENABLE_MODULES = YES;
				CLANG_ENABLE_OBJC_ARC = YES;
				CLANG_ENABLE_OBJC_WEAK = YES;
				CLANG_WARN_BLOCK_CAPTURE_AUTORELEASING = YES;
				CLANG_WARN_BOOL_CONVERSION = YES;
				CLANG_WARN_COMMA = YES;
				CLANG_WARN_CONSTANT_CONVERSION = YES;
				CLANG_WARN_DEPRECATED_OBJC_IMPLEMENTATIONS = YES;
				CLANG_WARN_DIRECT_OBJC_ISA_USAGE = YES_ERROR;
				CLANG_WARN_DOCUMENTATION_COMMENTS = YES;
				CLANG_WARN_EMPTY_BODY = YES;
				CLANG_WARN_ENUM_CONVERSION = YES;
				CLANG_WARN_INFINITE_RECURSION = YES;
				CLANG_WARN_INT_CONVERSION = YES;
				CLANG_WARN_NON_LITERAL_NULL_CONVERSION = YES;
				CLANG_WARN_OBJC_IMPLICIT_RETAIN_SELF = YES;
				CLANG_WARN_OBJC_LITERAL_CONVERSION = YES;
				CLANG_WARN_OBJC_ROOT_CLASS = YES_ERROR;
				CLANG_WARN_RANGE_LOOP_ANALYSIS = YES;
				CLANG_WARN_STRICT_PROTOTYPES = YES;
				CLANG_WARN_SUSPICIOUS_MOVE = YES;
				CLANG_WARN_UNGUARDED_AVAILABILITY = YES_AGGRESSIVE;
				CLANG_WARN_UNREACHABLE_CODE = YES;
				CLANG_WARN__DUPLICATE_METHOD_MATCH = YES;
				COPY_PHASE_STRIP = NO;
				DEBUG_INFORMATION_FORMAT = dwarf;
				ENABLE_STRICT_OBJC_MSGSEND = YES;
				ENABLE_TESTABILITY = YES;
				GCC_C_LANGUAGE_STANDARD = gnu11;
				GCC_DYNAMIC_NO_PIC = NO;
				GCC_NO_COMMON_BLOCKS = YES;
				GCC_OPTIMIZATION_LEVEL = 0;
				GCC_PREPROCESSOR_DEFINITIONS = (
					"DEBUG=1",
					"$(inherited)",
				);
				GCC_WARN_64_TO_32_BIT_CONVERSION = YES;
				GCC_WARN_ABOUT_RETURN_TYPE = YES_ERROR;
				GCC_WARN_UNDECLARED_SELECTOR = YES;
				GCC_WARN_UNINITIALIZED_AUTOS = YES_AGGRESSIVE;
				GCC_WARN_UNUSED_FUNCTION = YES;
				GCC_WARN_UNUSED_VARIABLE = YES;
				IPHONEOS_DEPLOYMENT_TARGET = 13.2;
				MTL_ENABLE_DEBUG_INFO = INCLUDE_SOURCE;
				MTL_FAST_MATH = YES;
				ONLY_ACTIVE_ARCH = YES;
				SDKROOT = iphoneos;
				SWIFT_ACTIVE_COMPILATION_CONDITIONS = DEBUG;
				SWIFT_OPTIMIZATION_LEVEL = "-Onone";
			};
			name = Debug;
		};
		CEEEBEB623954105006659F8 /* Release */ = {
			isa = XCBuildConfiguration;
			buildSettings = {
				ALWAYS_SEARCH_USER_PATHS = NO;
				CLANG_ANALYZER_NONNULL = YES;
				CLANG_ANALYZER_NUMBER_OBJECT_CONVERSION = YES_AGGRESSIVE;
				CLANG_CXX_LANGUAGE_STANDARD = "gnu++14";
				CLANG_CXX_LIBRARY = "libc++";
				CLANG_ENABLE_MODULES = YES;
				CLANG_ENABLE_OBJC_ARC = YES;
				CLANG_ENABLE_OBJC_WEAK = YES;
				CLANG_WARN_BLOCK_CAPTURE_AUTORELEASING = YES;
				CLANG_WARN_BOOL_CONVERSION = YES;
				CLANG_WARN_COMMA = YES;
				CLANG_WARN_CONSTANT_CONVERSION = YES;
				CLANG_WARN_DEPRECATED_OBJC_IMPLEMENTATIONS = YES;
				CLANG_WARN_DIRECT_OBJC_ISA_USAGE = YES_ERROR;
				CLANG_WARN_DOCUMENTATION_COMMENTS = YES;
				CLANG_WARN_EMPTY_BODY = YES;
				CLANG_WARN_ENUM_CONVERSION = YES;
				CLANG_WARN_INFINITE_RECURSION = YES;
				CLANG_WARN_INT_CONVERSION = YES;
				CLANG_WARN_NON_LITERAL_NULL_CONVERSION = YES;
				CLANG_WARN_OBJC_IMPLICIT_RETAIN_SELF = YES;
				CLANG_WARN_OBJC_LITERAL_CONVERSION = YES;
				CLANG_WARN_OBJC_ROOT_CLASS = YES_ERROR;
				CLANG_WARN_RANGE_LOOP_ANALYSIS = YES;
				CLANG_WARN_STRICT_PROTOTYPES = YES;
				CLANG_WARN_SUSPICIOUS_MOVE = YES;
				CLANG_WARN_UNGUARDED_AVAILABILITY = YES_AGGRESSIVE;
				CLANG_WARN_UNREACHABLE_CODE = YES;
				CLANG_WARN__DUPLICATE_METHOD_MATCH = YES;
				COPY_PHASE_STRIP = NO;
				DEBUG_INFORMATION_FORMAT = "dwarf-with-dsym";
				ENABLE_NS_ASSERTIONS = NO;
				ENABLE_STRICT_OBJC_MSGSEND = YES;
				GCC_C_LANGUAGE_STANDARD = gnu11;
				GCC_NO_COMMON_BLOCKS = YES;
				GCC_WARN_64_TO_32_BIT_CONVERSION = YES;
				GCC_WARN_ABOUT_RETURN_TYPE = YES_ERROR;
				GCC_WARN_UNDECLARED_SELECTOR = YES;
				GCC_WARN_UNINITIALIZED_AUTOS = YES_AGGRESSIVE;
				GCC_WARN_UNUSED_FUNCTION = YES;
				GCC_WARN_UNUSED_VARIABLE = YES;
				IPHONEOS_DEPLOYMENT_TARGET = 13.2;
				MTL_ENABLE_DEBUG_INFO = NO;
				MTL_FAST_MATH = YES;
				SDKROOT = iphoneos;
				SWIFT_COMPILATION_MODE = wholemodule;
				SWIFT_OPTIMIZATION_LEVEL = "-O";
				VALIDATE_PRODUCT = YES;
			};
			name = Release;
		};
		CEEEBEB823954105006659F8 /* Debug */ = {
			isa = XCBuildConfiguration;
			baseConfigurationReference = 385CAD090637FEDA6F1308DB /* Pods-FullLibrary.debug.xcconfig */;
			buildSettings = {
				ASSETCATALOG_COMPILER_APPICON_NAME = AppIcon;
				CODE_SIGN_ENTITLEMENTS = FullBooks/FullBooks.entitlements;
				CODE_SIGN_STYLE = Automatic;
				DEVELOPMENT_TEAM = H3K98GKZYH;
				INFOPLIST_FILE = FullBooks/Main/Info.plist;
				IPHONEOS_DEPLOYMENT_TARGET = 13.0;
				LD_RUNPATH_SEARCH_PATHS = (
					"$(inherited)",
					"@executable_path/Frameworks",
				);
				PRODUCT_BUNDLE_IDENTIFIER = com.full.book;
				PRODUCT_NAME = FullBooks;
				SWIFT_VERSION = 5.0;
				TARGETED_DEVICE_FAMILY = "1,2";
			};
			name = Debug;
		};
		CEEEBEB923954105006659F8 /* Release */ = {
			isa = XCBuildConfiguration;
			baseConfigurationReference = 2E5CA457484983ACC82F3CD6 /* Pods-FullLibrary.release.xcconfig */;
			buildSettings = {
				ASSETCATALOG_COMPILER_APPICON_NAME = AppIcon;
				CODE_SIGN_ENTITLEMENTS = FullBooks/FullBooks.entitlements;
				CODE_SIGN_STYLE = Automatic;
				DEVELOPMENT_TEAM = H3K98GKZYH;
				INFOPLIST_FILE = FullBooks/Main/Info.plist;
				IPHONEOS_DEPLOYMENT_TARGET = 13.0;
				LD_RUNPATH_SEARCH_PATHS = (
					"$(inherited)",
					"@executable_path/Frameworks",
				);
				PRODUCT_BUNDLE_IDENTIFIER = com.full.book;
				PRODUCT_NAME = FullBooks;
				SWIFT_VERSION = 5.0;
				TARGETED_DEVICE_FAMILY = "1,2";
			};
			name = Release;
		};
/* End XCBuildConfiguration section */

/* Begin XCConfigurationList section */
		CEEEBE9B239540FF006659F8 /* Build configuration list for PBXProject "FullBooks" */ = {
			isa = XCConfigurationList;
			buildConfigurations = (
				CEEEBEB523954105006659F8 /* Debug */,
				CEEEBEB623954105006659F8 /* Release */,
			);
			defaultConfigurationIsVisible = 0;
			defaultConfigurationName = Release;
		};
		CEEEBEB723954105006659F8 /* Build configuration list for PBXNativeTarget "FullBooks" */ = {
			isa = XCConfigurationList;
			buildConfigurations = (
				CEEEBEB823954105006659F8 /* Debug */,
				CEEEBEB923954105006659F8 /* Release */,
			);
			defaultConfigurationIsVisible = 0;
			defaultConfigurationName = Release;
		};
/* End XCConfigurationList section */

/* Begin XCVersionGroup section */
		CEEEBEAC239540FF006659F8 /* FullBooks.xcdatamodeld */ = {
			isa = XCVersionGroup;
			children = (
				CEEEBEAD239540FF006659F8 /* FullLibrary.xcdatamodel */,
			);
			currentVersion = CEEEBEAD239540FF006659F8 /* FullLibrary.xcdatamodel */;
			path = FullBooks.xcdatamodeld;
			sourceTree = "<group>";
			versionGroupType = wrapper.xcdatamodel;
		};
/* End XCVersionGroup section */
	};
	rootObject = CEEEBE98239540FF006659F8 /* Project object */;
}
